
Microsoft Visual Studio Solution File, Format Version 12.00
# Visual Studio Version 17
VisualStudioVersion = 17.0.31903.59
MinimumVisualStudioVersion = 10.0.40219.1
Project("{2150E333-8FDC-42A3-9474-1A3956D46DE8}") = "Services", "Services", "{C398947A-D5A8-4F1A-8167-8C8EF6CADD49}"
EndProject
Project("{2150E333-8FDC-42A3-9474-1A3956D46DE8}") = "Catalog", "Catalog", "{94C21FC4-E9CC-4CBB-A5CF-1B853B9FA11B}"
EndProject
Project("{9A19103F-16F7-4668-BE54-9A1E7A4F7556}") = "Catalog.API", "Services\Catalog\Catalog.API\Catalog.API.csproj", "{9B614344-B7A5-47F7-B2B3-0663389256A6}"
EndProject
Project("{E53339B2-1760-4266-BCC7-CA923CBCF16C}") = "docker-compose", "docker-compose.dcproj", "{3FDBED8A-F1B2-4FBF-99C3-2605BC366068}"
EndProject
Project("{2150E333-8FDC-42A3-9474-1A3956D46DE8}") = "Basket", "Basket", "{5ADEB485-2B2C-43D3-A9B4-DCA51760BB0A}"
EndProject
Project("{9A19103F-16F7-4668-BE54-9A1E7A4F7556}") = "Basket.API", "Services\Basket\Basket.API\Basket.API.csproj", "{D557DBFC-0742-4A24-A0CE-CECFD8EDA678}"
EndProject
Project("{2150E333-8FDC-42A3-9474-1A3956D46DE8}") = "Discount", "Discount", "{02397F54-63E4-4DC7-9F5B-BB4AB5297531}"
EndProject
Project("{9A19103F-16F7-4668-BE54-9A1E7A4F7556}") = "Discount.API", "Services\Discount\Discount.API\Discount.API.csproj", "{FD12374C-5601-4A23-ADDC-1C7445904183}"
EndProject
Project("{FAE04EC0-301F-11D3-BF4B-00C04F79EFBC}") = "Discount.Grpc", "Services\Discount\Discount.Grpc\Discount.Grpc.csproj", "{389E327F-9C4A-4580-AF84-9F861FEF6FB7}"
EndProject
Global
	GlobalSection(SolutionConfigurationPlatforms) = preSolution
		Debug|Any CPU = Debug|Any CPU
		Release|Any CPU = Release|Any CPU
	EndGlobalSection
	GlobalSection(ProjectConfigurationPlatforms) = postSolution
		{9B614344-B7A5-47F7-B2B3-0663389256A6}.Debug|Any CPU.ActiveCfg = Debug|Any CPU
		{9B614344-B7A5-47F7-B2B3-0663389256A6}.Debug|Any CPU.Build.0 = Debug|Any CPU
		{9B614344-B7A5-47F7-B2B3-0663389256A6}.Release|Any CPU.ActiveCfg = Release|Any CPU
		{9B614344-B7A5-47F7-B2B3-0663389256A6}.Release|Any CPU.Build.0 = Release|Any CPU
		{3FDBED8A-F1B2-4FBF-99C3-2605BC366068}.Debug|Any CPU.ActiveCfg = Debug|Any CPU
		{3FDBED8A-F1B2-4FBF-99C3-2605BC366068}.Debug|Any CPU.Build.0 = Debug|Any CPU
		{3FDBED8A-F1B2-4FBF-99C3-2605BC366068}.Release|Any CPU.ActiveCfg = Release|Any CPU
		{3FDBED8A-F1B2-4FBF-99C3-2605BC366068}.Release|Any CPU.Build.0 = Release|Any CPU
		{D557DBFC-0742-4A24-A0CE-CECFD8EDA678}.Debug|Any CPU.ActiveCfg = Debug|Any CPU
		{D557DBFC-0742-4A24-A0CE-CECFD8EDA678}.Debug|Any CPU.Build.0 = Debug|Any CPU
		{D557DBFC-0742-4A24-A0CE-CECFD8EDA678}.Release|Any CPU.ActiveCfg = Release|Any CPU
		{D557DBFC-0742-4A24-A0CE-CECFD8EDA678}.Release|Any CPU.Build.0 = Release|Any CPU
		{FD12374C-5601-4A23-ADDC-1C7445904183}.Debug|Any CPU.ActiveCfg = Debug|Any CPU
		{FD12374C-5601-4A23-ADDC-1C7445904183}.Debug|Any CPU.Build.0 = Debug|Any CPU
		{FD12374C-5601-4A23-ADDC-1C7445904183}.Release|Any CPU.ActiveCfg = Release|Any CPU
		{FD12374C-5601-4A23-ADDC-1C7445904183}.Release|Any CPU.Build.0 = Release|Any CPU
		{389E327F-9C4A-4580-AF84-9F861FEF6FB7}.Debug|Any CPU.ActiveCfg = Debug|Any CPU
		{389E327F-9C4A-4580-AF84-9F861FEF6FB7}.Debug|Any CPU.Build.0 = Debug|Any CPU
		{389E327F-9C4A-4580-AF84-9F861FEF6FB7}.Release|Any CPU.ActiveCfg = Release|Any CPU
		{389E327F-9C4A-4580-AF84-9F861FEF6FB7}.Release|Any CPU.Build.0 = Release|Any CPU
	EndGlobalSection
	GlobalSection(SolutionProperties) = preSolution
		HideSolutionNode = FALSE
	EndGlobalSection
	GlobalSection(NestedProjects) = preSolution
		{94C21FC4-E9CC-4CBB-A5CF-1B853B9FA11B} = {C398947A-D5A8-4F1A-8167-8C8EF6CADD49}
		{9B614344-B7A5-47F7-B2B3-0663389256A6} = {94C21FC4-E9CC-4CBB-A5CF-1B853B9FA11B}
		{5ADEB485-2B2C-43D3-A9B4-DCA51760BB0A} = {C398947A-D5A8-4F1A-8167-8C8EF6CADD49}
		{D557DBFC-0742-4A24-A0CE-CECFD8EDA678} = {5ADEB485-2B2C-43D3-A9B4-DCA51760BB0A}
		{02397F54-63E4-4DC7-9F5B-BB4AB5297531} = {C398947A-D5A8-4F1A-8167-8C8EF6CADD49}
		{FD12374C-5601-4A23-ADDC-1C7445904183} = {02397F54-63E4-4DC7-9F5B-BB4AB5297531}
		{389E327F-9C4A-4580-AF84-9F861FEF6FB7} = {02397F54-63E4-4DC7-9F5B-BB4AB5297531}
	EndGlobalSection
	GlobalSection(ExtensibilityGlobals) = postSolution
		SolutionGuid = {68BAAD4B-3B10-4161-A63F-46CC7494788D}
	EndGlobalSection
EndGlobal
